<?xml version="1.0" encoding="utf-8"?>
<Project ToolsVersion="4.0" xmlns="http://schemas.microsoft.com/developer/msbuild/2003">
  <ItemGroup>
    <Filter Include="sdk">
      <UniqueIdentifier>{6b762dea-f3df-4abe-82e5-8f4a5943107b}</UniqueIdentifier>
    </Filter>
    <Filter Include="python">
      <UniqueIdentifier>{a9dcaf8c-7689-4ccc-9cf5-dec2d7f9c550}</UniqueIdentifier>
    </Filter>
    <Filter Include="text">
      <UniqueIdentifier>{86b67ef4-8e5d-49cd-a011-9baa542cdcc3}</UniqueIdentifier>
    </Filter>
  </ItemGroup>
  <ItemGroup>
    <ClInclude Include="..\hiewsdk\Hem.h">
      <Filter>sdk</Filter>
    </ClInclude>
    <ClInclude Include="util.h" />
  </ItemGroup>
  <ItemGroup>
    <ClCompile Include="..\hiewsdk\HiewGate.c">
      <Filter>sdk</Filter>
    </ClCompile>
    <ClCompile Include="pyhiew.cpp" />
    <ClCompile Include="util.cpp" />
  </ItemGroup>
  <ItemGroup>
    <None Include="hiew.py">
      <Filter>python</Filter>
    </None>
  </ItemGroup>
  <ItemGroup>
    <Text Include="readme.txt">
      <Filter>text</Filter>
    </Text>
  </ItemGroup>
</Project>